// !$*UTF8*$!
{
	archiveVersion = 1;
	classes = {
	};
	objectVersion = 48;
	objects = {

/* Begin PBXBuildFile section */
		5E41176A203116E700365453 /* AppDelegate.swift in Sources */ = {isa = PBXBuildFile; fileRef = 5E411769203116E700365453 /* AppDelegate.swift */; };
		5E41176C203116E700365453 /* ViewController.swift in Sources */ = {isa = PBXBuildFile; fileRef = 5E41176B203116E700365453 /* ViewController.swift */; };
		5E41176F203116E700365453 /* Main.storyboard in Resources */ = {isa = PBXBuildFile; fileRef = 5E41176D203116E700365453 /* Main.storyboard */; };
		5E411771203116E700365453 /* Assets.xcassets in Resources */ = {isa = PBXBuildFile; fileRef = 5E411770203116E700365453 /* Assets.xcassets */; };
		5E411774203116E700365453 /* LaunchScreen.storyboard in Resources */ = {isa = PBXBuildFile; fileRef = 5E411772203116E700365453 /* LaunchScreen.storyboard */; };
		5EF2ED21203150C3002ACF7F /* Images.xcassets in Resources */ = {isa = PBXBuildFile; fileRef = 5EF2ED20203150C3002ACF7F /* Images.xcassets */; };
		5EF2ED2520315BD3002ACF7F /* CustomTableViewCell.swift in Sources */ = {isa = PBXBuildFile; fileRef = 5EF2ED2420315BD3002ACF7F /* CustomTableViewCell.swift */; };
/* End PBXBuildFile section */

/* Begin PBXFileReference section */
		5E411766203116E700365453 /* iQuiz.app */ = {isa = PBXFileReference; explicitFileType = wrapper.application; includeInIndex = 0; path = iQuiz.app; sourceTree = BUILT_PRODUCTS_DIR; };
		5E411769203116E700365453 /* AppDelegate.swift */ = {isa = PBXFileReference; lastKnownFileType = sourcecode.swift; path = AppDelegate.swift; sourceTree = "<group>"; };
		5E41176B203116E700365453 /* ViewController.swift */ = {isa = PBXFileReference; lastKnownFileType = sourcecode.swift; path = ViewController.swift; sourceTree = "<group>"; };
		5E41176E203116E700365453 /* Base */ = {isa = PBXFileReference; lastKnownFileType = file.storyboard; name = Base; path = Base.lproj/Main.storyboard; sourceTree = "<group>"; };
		5E411770203116E700365453 /* Assets.xcassets */ = {isa = PBXFileReference; lastKnownFileType = folder.assetcatalog; path = Assets.xcassets; sourceTree = "<group>"; };
		5E411773203116E700365453 /* Base */ = {isa = PBXFileReference; lastKnownFileType = file.storyboard; name = Base; path = Base.lproj/LaunchScreen.storyboard; sourceTree = "<group>"; };
		5E411775203116E700365453 /* Info.plist */ = {isa = PBXFileReference; lastKnownFileType = text.plist.xml; path = Info.plist; sourceTree = "<group>"; };
		5EF2ED20203150C3002ACF7F /* Images.xcassets */ = {isa = PBXFileReference; lastKnownFileType = folder.assetcatalog; path = Images.xcassets; sourceTree = "<group>"; };
		5EF2ED2420315BD3002ACF7F /* CustomTableViewCell.swift */ = {isa = PBXFileReference; lastKnownFileType = sourcecode.swift; path = CustomTableViewCell.swift; sourceTree = "<group>"; };
/* End PBXFileReference section */

/* Begin PBXFrameworksBuildPhase section */
		5E411763203116E700365453 /* Frameworks */ = {
			isa = PBXFrameworksBuildPhase;
			buildActionMask = 2147483647;
			files = (
			);
			runOnlyForDeploymentPostprocessing = 0;
		};
/* End PBXFrameworksBuildPhase section */

/* Begin PBXGroup section */
		5E41175D203116E700365453 = {
			isa = PBXGroup;
			children = (
				5E411768203116E700365453 /* iQuiz */,
				5E411767203116E700365453 /* Products */,
			);
			sourceTree = "<group>";
		};
		5E411767203116E700365453 /* Products */ = {
			isa = PBXGroup;
			children = (
				5E411766203116E700365453 /* iQuiz.app */,
			);
			name = Products;
			sourceTree = "<group>";
		};
		5E411768203116E700365453 /* iQuiz */ = {
			isa = PBXGroup;
			children = (
				5E411769203116E700365453 /* AppDelegate.swift */,
				5E41176B203116E700365453 /* ViewController.swift */,
				5E41176D203116E700365453 /* Main.storyboard */,
				5EF2ED20203150C3002ACF7F /* Images.xcassets */,
				5E411770203116E700365453 /* Assets.xcassets */,
				5E411772203116E700365453 /* LaunchScreen.storyboard */,
				5E411775203116E700365453 /* Info.plist */,
				5EF2ED2420315BD3002ACF7F /* CustomTableViewCell.swift */,
			);
			path = iQuiz;
			sourceTree = "<group>";
		};
/* End PBXGroup section */

/* Begin PBXNativeTarget section */
		5E411765203116E700365453 /* iQuiz */ = {
			isa = PBXNativeTarget;
			buildConfigurationList = 5E411778203116E700365453 /* Build configuration list for PBXNativeTarget "iQuiz" */;
			buildPhases = (
				5E411762203116E700365453 /* Sources */,
				5E411763203116E700365453 /* Frameworks */,
				5E411764203116E700365453 /* Resources */,
			);
			buildRules = (
			);
			dependencies = (
			);
			name = iQuiz;
			productName = iQuiz;
			productReference = 5E411766203116E700365453 /* iQuiz.app */;
			productType = "com.apple.product-type.application";
		};
/* End PBXNativeTarget section */

/* Begin PBXProject section */
		5E41175E203116E700365453 /* Project object */ = {
			isa = PBXProject;
			attributes = {
				LastSwiftUpdateCheck = 0920;
				LastUpgradeCheck = 0920;
				ORGANIZATIONNAME = "Qiaosi Chelsea Wang";
				TargetAttributes = {
					5E411765203116E700365453 = {
						CreatedOnToolsVersion = 9.2;
						ProvisioningStyle = Automatic;
					};
				};
			};
			buildConfigurationList = 5E411761203116E700365453 /* Build configuration list for PBXProject "iQuiz" */;
			compatibilityVersion = "Xcode 8.0";
			developmentRegion = en;
			hasScannedForEncodings = 0;
			knownRegions = (
				en,
				Base,
			);
			mainGroup = 5E41175D203116E700365453;
			productRefGroup = 5E411767203116E700365453 /* Products */;
			projectDirPath = "";
			projectRoot = "";
			targets = (
				5E411765203116E700365453 /* iQuiz */,
			);
		};
/* End PBXProject section */

/* Begin PBXResourcesBuildPhase section */
		5E411764203116E700365453 /* Resources */ = {
			isa = PBXResourcesBuildPhase;
			buildActionMask = 2147483647;
			files = (
				5E411774203116E700365453 /* LaunchScreen.storyboard in Resources */,
				5EF2ED21203150C3002ACF7F /* Images.xcassets in Resources */,
				5E411771203116E700365453 /* Assets.xcassets in Resources */,
				5E41176F203116E700365453 /* Main.storyboard in Resources */,
			);
			runOnlyForDeploymentPostprocessing = 0;
		};
/* End PBXResourcesBuildPhase section */

/* Begin PBXSourcesBuildPhase section */
		5E411762203116E700365453 /* Sources */ = {
			isa = PBXSourcesBuildPhase;
			buildActionMask = 2147483647;
			files = (
				5E41176C203116E700365453 /* ViewController.swift in Sources */,
				5EF2ED2520315BD3002ACF7F /* CustomTableViewCell.swift in Sources */,
				5E41176A203116E700365453 /* AppDelegate.swift in Sources */,
			);
			runOnlyForDeploymentPostprocessing = 0;
		};
/* End PBXSourcesBuildPhase section */

/* Begin PBXVariantGroup section */
		5E41176D203116E700365453 /* Main.storyboard */ = {
			isa = PBXVariantGroup;
			children = (
				5E41176E203116E700365453 /* Base */,
			);
			name = Main.storyboard;
			sourceTree = "<group>";
		};
		5E411772203116E700365453 /* LaunchScreen.storyboard */ = {
			isa = PBXVariantGroup;
			children = (
				5E411773203116E700365453 /* Base */,
			);
			name = LaunchScreen.storyboard;
			sourceTree = "<group>";
		};
/* End PBXVariantGroup section */

/* Begin XCBuildConfiguration section */
		5E411776203116E700365453 /* Debug */ = {
			isa = XCBuildConfiguration;
			buildSettings = {
				ALWAYS_SEARCH_USER_PATHS = NO;
				CLANG_ANALYZER_NONNULL = YES;
				CLANG_ANALYZER_NUMBER_OBJECT_CONVERSION = YES_AGGRESSIVE;
				CLANG_CXX_LANGUAGE_STANDARD = "gnu++14";
				CLANG_CXX_LIBRARY = "libc++";
				CLANG_ENABLE_MODULES = YES;
				CLANG_ENABLE_OBJC_ARC = YES;
				CLANG_WARN_BLOCK_CAPTURE_AUTORELEASING = YES;
				CLANG_WARN_BOOL_CONVERSION = YES;
				CLANG_WARN_COMMA = YES;
				CLANG_WARN_CONSTANT_CONVERSION = YES;
				CLANG_WARN_DIRECT_OBJC_ISA_USAGE = YES_ERROR;
				CLANG_WARN_DOCUMENTATION_COMMENTS = YES;
				CLANG_WARN_EMPTY_BODY = YES;
				CLANG_WARN_ENUM_CONVERSION = YES;
				CLANG_WARN_INFINITE_RECURSION = YES;
				CLANG_WARN_INT_CONVERSION = YES;
				CLANG_WARN_NON_LITERAL_NULL_CONVERSION = YES;
				CLANG_WARN_OBJC_LITERAL_CONVERSION = YES;
				CLANG_WARN_OBJC_ROOT_CLASS = YES_ERROR;
				CLANG_WARN_RANGE_LOOP_ANALYSIS = YES;
				CLANG_WARN_STRICT_PROTOTYPES = YES;
				CLANG_WARN_SUSPICIOUS_MOVE = YES;
				CLANG_WARN_UNGUARDED_AVAILABILITY = YES_AGGRESSIVE;
				CLANG_WARN_UNREACHABLE_CODE = YES;
				CLANG_WARN__DUPLICATE_METHOD_MATCH = YES;
				CODE_SIGN_IDENTITY = "iPhone Developer";
				COPY_PHASE_STRIP = NO;
				DEBUG_INFORMATION_FORMAT = dwarf;
				ENABLE_STRICT_OBJC_MSGSEND = YES;
				ENABLE_TESTABILITY = YES;
				GCC_C_LANGUAGE_STANDARD = gnu11;
				GCC_DYNAMIC_NO_PIC = NO;
				GCC_NO_COMMON_BLOCKS = YES;
				GCC_OPTIMIZATION_LEVEL = 0;
				GCC_PREPROCESSOR_DEFINITIONS = (
					"DEBUG=1",
					"$(inherited)",
				);
				GCC_WARN_64_TO_32_BIT_CONVERSION = YES;
				GCC_WARN_ABOUT_RETURN_TYPE = YES_ERROR;
				GCC_WARN_UNDECLARED_SELECTOR = YES;
				GCC_WARN_UNINITIALIZED_AUTOS = YES_AGGRESSIVE;
				GCC_WARN_UNUSED_FUNCTION = YES;
				GCC_WARN_UNUSED_VARIABLE = YES;
				IPHONEOS_DEPLOYMENT_TARGET = 11.2;
				MTL_ENABLE_DEBUG_INFO = YES;
				ONLY_ACTIVE_ARCH = YES;
				SDKROOT = iphoneos;
				SWIFT_ACTIVE_COMPILATION_CONDITIONS = DEBUG;
				SWIFT_OPTIMIZATION_LEVEL = "-Onone";
			};
			name = Debug;
		};
		5E411777203116E700365453 /* Release */ = {
			isa = XCBuildConfiguration;
			buildSettings = {
				ALWAYS_SEARCH_USER_PATHS = NO;
				CLANG_ANALYZER_NONNULL = YES;
				CLANG_ANALYZER_NUMBER_OBJECT_CONVERSION = YES_AGGRESSIVE;
				CLANG_CXX_LANGUAGE_STANDARD = "gnu++14";
				CLANG_CXX_LIBRARY = "libc++";
				CLANG_ENABLE_MODULES = YES;
				CLANG_ENABLE_OBJC_ARC = YES;
				CLANG_WARN_BLOCK_CAPTURE_AUTORELEASING = YES;
				CLANG_WARN_BOOL_CONVERSION = YES;
				CLANG_WARN_COMMA = YES;
				CLANG_WARN_CONSTANT_CONVERSION = YES;
				CLANG_WARN_DIRECT_OBJC_ISA_USAGE = YES_ERROR;
				CLANG_WARN_DOCUMENTATION_COMMENTS = YES;
				CLANG_WARN_EMPTY_BODY = YES;
				CLANG_WARN_ENUM_CONVERSION = YES;
				CLANG_WARN_INFINITE_RECURSION = YES;
				CLANG_WARN_INT_CONVERSION = YES;
				CLANG_WARN_NON_LITERAL_NULL_CONVERSION = YES;
				CLANG_WARN_OBJC_LITERAL_CONVERSION = YES;
				CLANG_WARN_OBJC_ROOT_CLASS = YES_ERROR;
				CLANG_WARN_RANGE_LOOP_ANALYSIS = YES;
				CLANG_WARN_STRICT_PROTOTYPES = YES;
				CLANG_WARN_SUSPICIOUS_MOVE = YES;
				CLANG_WARN_UNGUARDED_AVAILABILITY = YES_AGGRESSIVE;
				CLANG_WARN_UNREACHABLE_CODE = YES;
				CLANG_WARN__DUPLICATE_METHOD_MATCH = YES;
				CODE_SIGN_IDENTITY = "iPhone Developer";
				COPY_PHASE_STRIP = NO;
				DEBUG_INFORMATION_FORMAT = "dwarf-with-dsym";
				ENABLE_NS_ASSERTIONS = NO;
				ENABLE_STRICT_OBJC_MSGSEND = YES;
				GCC_C_LANGUAGE_STANDARD = gnu11;
				GCC_NO_COMMON_BLOCKS = YES;
				GCC_WARN_64_TO_32_BIT_CONVERSION = YES;
				GCC_WARN_ABOUT_RETURN_TYPE = YES_ERROR;
				GCC_WARN_UNDECLARED_SELECTOR = YES;
				GCC_WARN_UNINITIALIZED_AUTOS = YES_AGGRESSIVE;
				GCC_WARN_UNUSED_FUNCTION = YES;
				GCC_WARN_UNUSED_VARIABLE = YES;
				IPHONEOS_DEPLOYMENT_TARGET = 11.2;
				MTL_ENABLE_DEBUG_INFO = NO;
				SDKROOT = iphoneos;
				SWIFT_OPTIMIZATION_LEVEL = "-Owholemodule";
				VALIDATE_PRODUCT = YES;
			};
			name = Release;
		};
		5E411779203116E700365453 /* Debug */ = {
			isa = XCBuildConfiguration;
			buildSettings = {
				ASSETCATALOG_COMPILER_APPICON_NAME = AppIcon;
				CODE_SIGN_STYLE = Automatic;
				DEVELOPMENT_TEAM = UYLSAE2CQ7;
				INFOPLIST_FILE = iQuiz/Info.plist;
				LD_RUNPATH_SEARCH_PATHS = "$(inherited) @executable_path/Frameworks";
				PRODUCT_BUNDLE_IDENTIFIER = org.github.chelsea1129.iQuiz;
				PRODUCT_NAME = "$(TARGET_NAME)";
				SWIFT_VERSION = 4.0;
				TARGETED_DEVICE_FAMILY = "1,2";
			};
			name = Debug;
		};
		5E41177A203116E700365453 /* Release */ = {
			isa = XCBuildConfiguration;
			buildSettings = {
				ASSETCATALOG_COMPILER_APPICON_NAME = AppIcon;
				CODE_SIGN_STYLE = Automatic;
				DEVELOPMENT_TEAM = UYLSAE2CQ7;
				INFOPLIST_FILE = iQuiz/Info.plist;
				LD_RUNPATH_SEARCH_PATHS = "$(inherited) @executable_path/Frameworks";
				PRODUCT_BUNDLE_IDENTIFIER = org.github.chelsea1129.iQuiz;
				PRODUCT_NAME = "$(TARGET_NAME)";
				SWIFT_VERSION = 4.0;
				TARGETED_DEVICE_FAMILY = "1,2";
			};
			name = Release;
		};
/* End XCBuildConfiguration section */

/* Begin XCConfigurationList section */
		5E411761203116E700365453 /* Build configuration list for PBXProject "iQuiz" */ = {
			isa = XCConfigurationList;
			buildConfigurations = (
				5E411776203116E700365453 /* Debug */,
				5E411777203116E700365453 /* Release */,
			);
			defaultConfigurationIsVisible = 0;
			defaultConfigurationName = Release;
		};
		5E411778203116E700365453 /* Build configuration list for PBXNativeTarget "iQuiz" */ = {
			isa = XCConfigurationList;
			buildConfigurations = (
				5E411779203116E700365453 /* Debug */,
				5E41177A203116E700365453 /* Release */,
			);
			defaultConfigurationIsVisible = 0;
			defaultConfigurationName = Release;
		};
/* End XCConfigurationList section */
	};
	rootObject = 5E41175E203116E700365453 /* Project object */;
}
